
Microsoft Visual Studio Solution File, Format Version 12.00
# Visual Studio 15
VisualStudioVersion = 15.0.28307.572
MinimumVisualStudioVersion = 10.0.40219.1
Project("{FAE04EC0-301F-11D3-BF4B-00C04F79EFBC}") = "ReloReferral", "ReloReferral\ReloReferral.csproj", "{72B75F3F-F884-4F49-BFBB-241FB0A10CBD}"
EndProject
Global
	GlobalSection(SolutionConfigurationPlatforms) = preSolution
		Debug|Any CPU = Debug|Any CPU
		Release|Any CPU = Release|Any CPU
	EndGlobalSection
	GlobalSection(ProjectConfigurationPlatforms) = postSolution
		{72B75F3F-F884-4F49-BFBB-241FB0A10CBD}.Debug|Any CPU.ActiveCfg = Debug|Any CPU
		{72B75F3F-F884-4F49-BFBB-241FB0A10CBD}.Debug|Any CPU.Build.0 = Debug|Any CPU
		{72B75F3F-F884-4F49-BFBB-241FB0A10CBD}.Release|Any CPU.ActiveCfg = Release|Any CPU
		{72B75F3F-F884-4F49-BFBB-241FB0A10CBD}.Release|Any CPU.Build.0 = Release|Any CPU
	EndGlobalSection
	GlobalSection(SolutionProperties) = preSolution
		HideSolutionNode = FALSE
	EndGlobalSection
	GlobalSection(ExtensibilityGlobals) = postSolution
		SolutionGuid = {A99753DC-5AF6-44F6-899A-0BBED14FEC58}
	EndGlobalSection
	GlobalSection(TeamFoundationVersionControl) = preSolution
		SccNumberOfProjects = 2
		SccEnterpriseProvider = {4CA58AB2-18FA-4F8D-95D4-32DDF27D184C}
		SccTeamFoundationServer = https://tfs.bhhscalifornia.com:8443/tfs/defaultcollection
		SccLocalPath0 = .
		SccProjectUniqueName1 = ReloReferral\\ReloReferral.csproj
		SccProjectName1 = ReloReferral
		SccLocalPath1 = ReloReferral
	EndGlobalSection
EndGlobal
